// !$*UTF8*$!
{
	archiveVersion = 1;
	classes = {
	};
	objectVersion = 56;
	objects = {

/* Begin PBXBuildFile section */
		55EFDE5F2AF6A49100011FEA /* AppDelegate.swift in Sources */ = {isa = PBXBuildFile; fileRef = 55EFDE5E2AF6A49100011FEA /* AppDelegate.swift */; };
		55EFDE612AF6A49100011FEA /* SceneDelegate.swift in Sources */ = {isa = PBXBuildFile; fileRef = 55EFDE602AF6A49100011FEA /* SceneDelegate.swift */; };
		55EFDE632AF6A49100011FEA /* ViewController.swift in Sources */ = {isa = PBXBuildFile; fileRef = 55EFDE622AF6A49100011FEA /* ViewController.swift */; };
		55EFDE662AF6A49100011FEA /* Main.storyboard in Resources */ = {isa = PBXBuildFile; fileRef = 55EFDE642AF6A49100011FEA /* Main.storyboard */; };
		55EFDE682AF6A49300011FEA /* Assets.xcassets in Resources */ = {isa = PBXBuildFile; fileRef = 55EFDE672AF6A49300011FEA /* Assets.xcassets */; };
		55EFDE6B2AF6A49300011FEA /* LaunchScreen.storyboard in Resources */ = {isa = PBXBuildFile; fileRef = 55EFDE692AF6A49300011FEA /* LaunchScreen.storyboard */; };
		55EFDE762AF6A49300011FEA /* MoviesTests.swift in Sources */ = {isa = PBXBuildFile; fileRef = 55EFDE752AF6A49300011FEA /* MoviesTests.swift */; };
		55EFDE802AF6A49300011FEA /* MoviesUITests.swift in Sources */ = {isa = PBXBuildFile; fileRef = 55EFDE7F2AF6A49300011FEA /* MoviesUITests.swift */; };
		55EFDE822AF6A49300011FEA /* MoviesUITestsLaunchTests.swift in Sources */ = {isa = PBXBuildFile; fileRef = 55EFDE812AF6A49300011FEA /* MoviesUITestsLaunchTests.swift */; };
		55EFDE942AF6AF4600011FEA /* MovieCollectionViewCell.swift in Sources */ = {isa = PBXBuildFile; fileRef = 55EFDE922AF6AF4600011FEA /* MovieCollectionViewCell.swift */; };
		55EFDE952AF6AF4600011FEA /* MovieCollectionViewCell.xib in Resources */ = {isa = PBXBuildFile; fileRef = 55EFDE932AF6AF4600011FEA /* MovieCollectionViewCell.xib */; };
/* End PBXBuildFile section */

/* Begin PBXContainerItemProxy section */
		55EFDE722AF6A49300011FEA /* PBXContainerItemProxy */ = {
			isa = PBXContainerItemProxy;
			containerPortal = 55EFDE532AF6A49100011FEA /* Project object */;
			proxyType = 1;
			remoteGlobalIDString = 55EFDE5A2AF6A49100011FEA;
			remoteInfo = Movies;
		};
		55EFDE7C2AF6A49300011FEA /* PBXContainerItemProxy */ = {
			isa = PBXContainerItemProxy;
			containerPortal = 55EFDE532AF6A49100011FEA /* Project object */;
			proxyType = 1;
			remoteGlobalIDString = 55EFDE5A2AF6A49100011FEA;
			remoteInfo = Movies;
		};
/* End PBXContainerItemProxy section */

/* Begin PBXFileReference section */
		55EFDE5B2AF6A49100011FEA /* Movies.app */ = {isa = PBXFileReference; explicitFileType = wrapper.application; includeInIndex = 0; path = Movies.app; sourceTree = BUILT_PRODUCTS_DIR; };
		55EFDE5E2AF6A49100011FEA /* AppDelegate.swift */ = {isa = PBXFileReference; lastKnownFileType = sourcecode.swift; path = AppDelegate.swift; sourceTree = "<group>"; };
		55EFDE602AF6A49100011FEA /* SceneDelegate.swift */ = {isa = PBXFileReference; lastKnownFileType = sourcecode.swift; path = SceneDelegate.swift; sourceTree = "<group>"; };
		55EFDE622AF6A49100011FEA /* ViewController.swift */ = {isa = PBXFileReference; lastKnownFileType = sourcecode.swift; path = ViewController.swift; sourceTree = "<group>"; };
		55EFDE652AF6A49100011FEA /* Base */ = {isa = PBXFileReference; lastKnownFileType = file.storyboard; name = Base; path = Base.lproj/Main.storyboard; sourceTree = "<group>"; };
		55EFDE672AF6A49300011FEA /* Assets.xcassets */ = {isa = PBXFileReference; lastKnownFileType = folder.assetcatalog; path = Assets.xcassets; sourceTree = "<group>"; };
		55EFDE6A2AF6A49300011FEA /* Base */ = {isa = PBXFileReference; lastKnownFileType = file.storyboard; name = Base; path = Base.lproj/LaunchScreen.storyboard; sourceTree = "<group>"; };
		55EFDE6C2AF6A49300011FEA /* Info.plist */ = {isa = PBXFileReference; lastKnownFileType = text.plist.xml; path = Info.plist; sourceTree = "<group>"; };
		55EFDE712AF6A49300011FEA /* MoviesTests.xctest */ = {isa = PBXFileReference; explicitFileType = wrapper.cfbundle; includeInIndex = 0; path = MoviesTests.xctest; sourceTree = BUILT_PRODUCTS_DIR; };
		55EFDE752AF6A49300011FEA /* MoviesTests.swift */ = {isa = PBXFileReference; lastKnownFileType = sourcecode.swift; path = MoviesTests.swift; sourceTree = "<group>"; };
		55EFDE7B2AF6A49300011FEA /* MoviesUITests.xctest */ = {isa = PBXFileReference; explicitFileType = wrapper.cfbundle; includeInIndex = 0; path = MoviesUITests.xctest; sourceTree = BUILT_PRODUCTS_DIR; };
		55EFDE7F2AF6A49300011FEA /* MoviesUITests.swift */ = {isa = PBXFileReference; lastKnownFileType = sourcecode.swift; path = MoviesUITests.swift; sourceTree = "<group>"; };
		55EFDE812AF6A49300011FEA /* MoviesUITestsLaunchTests.swift */ = {isa = PBXFileReference; lastKnownFileType = sourcecode.swift; path = MoviesUITestsLaunchTests.swift; sourceTree = "<group>"; };
		55EFDE922AF6AF4600011FEA /* MovieCollectionViewCell.swift */ = {isa = PBXFileReference; lastKnownFileType = sourcecode.swift; path = MovieCollectionViewCell.swift; sourceTree = "<group>"; };
		55EFDE932AF6AF4600011FEA /* MovieCollectionViewCell.xib */ = {isa = PBXFileReference; lastKnownFileType = file.xib; path = MovieCollectionViewCell.xib; sourceTree = "<group>"; };
/* End PBXFileReference section */

/* Begin PBXFrameworksBuildPhase section */
		55EFDE582AF6A49100011FEA /* Frameworks */ = {
			isa = PBXFrameworksBuildPhase;
			buildActionMask = 2147483647;
			files = (
			);
			runOnlyForDeploymentPostprocessing = 0;
		};
		55EFDE6E2AF6A49300011FEA /* Frameworks */ = {
			isa = PBXFrameworksBuildPhase;
			buildActionMask = 2147483647;
			files = (
			);
			runOnlyForDeploymentPostprocessing = 0;
		};
		55EFDE782AF6A49300011FEA /* Frameworks */ = {
			isa = PBXFrameworksBuildPhase;
			buildActionMask = 2147483647;
			files = (
			);
			runOnlyForDeploymentPostprocessing = 0;
		};
/* End PBXFrameworksBuildPhase section */

/* Begin PBXGroup section */
		55EFDE522AF6A49100011FEA = {
			isa = PBXGroup;
			children = (
				55EFDE5D2AF6A49100011FEA /* Movies */,
				55EFDE742AF6A49300011FEA /* MoviesTests */,
				55EFDE7E2AF6A49300011FEA /* MoviesUITests */,
				55EFDE5C2AF6A49100011FEA /* Products */,
			);
			sourceTree = "<group>";
		};
		55EFDE5C2AF6A49100011FEA /* Products */ = {
			isa = PBXGroup;
			children = (
				55EFDE5B2AF6A49100011FEA /* Movies.app */,
				55EFDE712AF6A49300011FEA /* MoviesTests.xctest */,
				55EFDE7B2AF6A49300011FEA /* MoviesUITests.xctest */,
			);
			name = Products;
			sourceTree = "<group>";
		};
		55EFDE5D2AF6A49100011FEA /* Movies */ = {
			isa = PBXGroup;
			children = (
				55EFDE5E2AF6A49100011FEA /* AppDelegate.swift */,
				55EFDE602AF6A49100011FEA /* SceneDelegate.swift */,
				55EFDE622AF6A49100011FEA /* ViewController.swift */,
				55EFDE642AF6A49100011FEA /* Main.storyboard */,
				55EFDE672AF6A49300011FEA /* Assets.xcassets */,
				55EFDE692AF6A49300011FEA /* LaunchScreen.storyboard */,
				55EFDE6C2AF6A49300011FEA /* Info.plist */,
				55EFDE922AF6AF4600011FEA /* MovieCollectionViewCell.swift */,
				55EFDE932AF6AF4600011FEA /* MovieCollectionViewCell.xib */,
			);
			path = Movies;
			sourceTree = "<group>";
		};
		55EFDE742AF6A49300011FEA /* MoviesTests */ = {
			isa = PBXGroup;
			children = (
				55EFDE752AF6A49300011FEA /* MoviesTests.swift */,
			);
			path = MoviesTests;
			sourceTree = "<group>";
		};
		55EFDE7E2AF6A49300011FEA /* MoviesUITests */ = {
			isa = PBXGroup;
			children = (
				55EFDE7F2AF6A49300011FEA /* MoviesUITests.swift */,
				55EFDE812AF6A49300011FEA /* MoviesUITestsLaunchTests.swift */,
			);
			path = MoviesUITests;
			sourceTree = "<group>";
		};
/* End PBXGroup section */

/* Begin PBXNativeTarget section */
		55EFDE5A2AF6A49100011FEA /* Movies */ = {
			isa = PBXNativeTarget;
			buildConfigurationList = 55EFDE852AF6A49300011FEA /* Build configuration list for PBXNativeTarget "Movies" */;
			buildPhases = (
				55EFDE572AF6A49100011FEA /* Sources */,
				55EFDE582AF6A49100011FEA /* Frameworks */,
				55EFDE592AF6A49100011FEA /* Resources */,
			);
			buildRules = (
			);
			dependencies = (
			);
			name = Movies;
			productName = Movies;
			productReference = 55EFDE5B2AF6A49100011FEA /* Movies.app */;
			productType = "com.apple.product-type.application";
		};
		55EFDE702AF6A49300011FEA /* MoviesTests */ = {
			isa = PBXNativeTarget;
			buildConfigurationList = 55EFDE882AF6A49300011FEA /* Build configuration list for PBXNativeTarget "MoviesTests" */;
			buildPhases = (
				55EFDE6D2AF6A49300011FEA /* Sources */,
				55EFDE6E2AF6A49300011FEA /* Frameworks */,
				55EFDE6F2AF6A49300011FEA /* Resources */,
			);
			buildRules = (
			);
			dependencies = (
				55EFDE732AF6A49300011FEA /* PBXTargetDependency */,
			);
			name = MoviesTests;
			productName = MoviesTests;
			productReference = 55EFDE712AF6A49300011FEA /* MoviesTests.xctest */;
			productType = "com.apple.product-type.bundle.unit-test";
		};
		55EFDE7A2AF6A49300011FEA /* MoviesUITests */ = {
			isa = PBXNativeTarget;
			buildConfigurationList = 55EFDE8B2AF6A49300011FEA /* Build configuration list for PBXNativeTarget "MoviesUITests" */;
			buildPhases = (
				55EFDE772AF6A49300011FEA /* Sources */,
				55EFDE782AF6A49300011FEA /* Frameworks */,
				55EFDE792AF6A49300011FEA /* Resources */,
			);
			buildRules = (
			);
			dependencies = (
				55EFDE7D2AF6A49300011FEA /* PBXTargetDependency */,
			);
			name = MoviesUITests;
			productName = MoviesUITests;
			productReference = 55EFDE7B2AF6A49300011FEA /* MoviesUITests.xctest */;
			productType = "com.apple.product-type.bundle.ui-testing";
		};
/* End PBXNativeTarget section */

/* Begin PBXProject section */
		55EFDE532AF6A49100011FEA /* Project object */ = {
			isa = PBXProject;
			attributes = {
				BuildIndependentTargetsInParallel = 1;
				LastSwiftUpdateCheck = 1500;
				LastUpgradeCheck = 1500;
				TargetAttributes = {
					55EFDE5A2AF6A49100011FEA = {
						CreatedOnToolsVersion = 15.0;
					};
					55EFDE702AF6A49300011FEA = {
						CreatedOnToolsVersion = 15.0;
						TestTargetID = 55EFDE5A2AF6A49100011FEA;
					};
					55EFDE7A2AF6A49300011FEA = {
						CreatedOnToolsVersion = 15.0;
						TestTargetID = 55EFDE5A2AF6A49100011FEA;
					};
				};
			};
			buildConfigurationList = 55EFDE562AF6A49100011FEA /* Build configuration list for PBXProject "Movies" */;
			compatibilityVersion = "Xcode 14.0";
			developmentRegion = en;
			hasScannedForEncodings = 0;
			knownRegions = (
				en,
				Base,
			);
			mainGroup = 55EFDE522AF6A49100011FEA;
			productRefGroup = 55EFDE5C2AF6A49100011FEA /* Products */;
			projectDirPath = "";
			projectRoot = "";
			targets = (
				55EFDE5A2AF6A49100011FEA /* Movies */,
				55EFDE702AF6A49300011FEA /* MoviesTests */,
				55EFDE7A2AF6A49300011FEA /* MoviesUITests */,
			);
		};
/* End PBXProject section */

/* Begin PBXResourcesBuildPhase section */
		55EFDE592AF6A49100011FEA /* Resources */ = {
			isa = PBXResourcesBuildPhase;
			buildActionMask = 2147483647;
			files = (
				55EFDE952AF6AF4600011FEA /* MovieCollectionViewCell.xib in Resources */,
				55EFDE6B2AF6A49300011FEA /* LaunchScreen.storyboard in Resources */,
				55EFDE682AF6A49300011FEA /* Assets.xcassets in Resources */,
				55EFDE662AF6A49100011FEA /* Main.storyboard in Resources */,
			);
			runOnlyForDeploymentPostprocessing = 0;
		};
		55EFDE6F2AF6A49300011FEA /* Resources */ = {
			isa = PBXResourcesBuildPhase;
			buildActionMask = 2147483647;
			files = (
			);
			runOnlyForDeploymentPostprocessing = 0;
		};
		55EFDE792AF6A49300011FEA /* Resources */ = {
			isa = PBXResourcesBuildPhase;
			buildActionMask = 2147483647;
			files = (
			);
			runOnlyForDeploymentPostprocessing = 0;
		};
/* End PBXResourcesBuildPhase section */

/* Begin PBXSourcesBuildPhase section */
		55EFDE572AF6A49100011FEA /* Sources */ = {
			isa = PBXSourcesBuildPhase;
			buildActionMask = 2147483647;
			files = (
				55EFDE632AF6A49100011FEA /* ViewController.swift in Sources */,
				55EFDE942AF6AF4600011FEA /* MovieCollectionViewCell.swift in Sources */,
				55EFDE5F2AF6A49100011FEA /* AppDelegate.swift in Sources */,
				55EFDE612AF6A49100011FEA /* SceneDelegate.swift in Sources */,
			);
			runOnlyForDeploymentPostprocessing = 0;
		};
		55EFDE6D2AF6A49300011FEA /* Sources */ = {
			isa = PBXSourcesBuildPhase;
			buildActionMask = 2147483647;
			files = (
				55EFDE762AF6A49300011FEA /* MoviesTests.swift in Sources */,
			);
			runOnlyForDeploymentPostprocessing = 0;
		};
		55EFDE772AF6A49300011FEA /* Sources */ = {
			isa = PBXSourcesBuildPhase;
			buildActionMask = 2147483647;
			files = (
				55EFDE802AF6A49300011FEA /* MoviesUITests.swift in Sources */,
				55EFDE822AF6A49300011FEA /* MoviesUITestsLaunchTests.swift in Sources */,
			);
			runOnlyForDeploymentPostprocessing = 0;
		};
/* End PBXSourcesBuildPhase section */

/* Begin PBXTargetDependency section */
		55EFDE732AF6A49300011FEA /* PBXTargetDependency */ = {
			isa = PBXTargetDependency;
			target = 55EFDE5A2AF6A49100011FEA /* Movies */;
			targetProxy = 55EFDE722AF6A49300011FEA /* PBXContainerItemProxy */;
		};
		55EFDE7D2AF6A49300011FEA /* PBXTargetDependency */ = {
			isa = PBXTargetDependency;
			target = 55EFDE5A2AF6A49100011FEA /* Movies */;
			targetProxy = 55EFDE7C2AF6A49300011FEA /* PBXContainerItemProxy */;
		};
/* End PBXTargetDependency section */

/* Begin PBXVariantGroup section */
		55EFDE642AF6A49100011FEA /* Main.storyboard */ = {
			isa = PBXVariantGroup;
			children = (
				55EFDE652AF6A49100011FEA /* Base */,
			);
			name = Main.storyboard;
			sourceTree = "<group>";
		};
		55EFDE692AF6A49300011FEA /* LaunchScreen.storyboard */ = {
			isa = PBXVariantGroup;
			children = (
				55EFDE6A2AF6A49300011FEA /* Base */,
			);
			name = LaunchScreen.storyboard;
			sourceTree = "<group>";
		};
/* End PBXVariantGroup section */

/* Begin XCBuildConfiguration section */
		55EFDE832AF6A49300011FEA /* Debug */ = {
			isa = XCBuildConfiguration;
			buildSettings = {
				ALWAYS_SEARCH_USER_PATHS = NO;
				ASSETCATALOG_COMPILER_GENERATE_SWIFT_ASSET_SYMBOL_EXTENSIONS = YES;
				CLANG_ANALYZER_NONNULL = YES;
				CLANG_ANALYZER_NUMBER_OBJECT_CONVERSION = YES_AGGRESSIVE;
				CLANG_CXX_LANGUAGE_STANDARD = "gnu++20";
				CLANG_ENABLE_MODULES = YES;
				CLANG_ENABLE_OBJC_ARC = YES;
				CLANG_ENABLE_OBJC_WEAK = YES;
				CLANG_WARN_BLOCK_CAPTURE_AUTORELEASING = YES;
				CLANG_WARN_BOOL_CONVERSION = YES;
				CLANG_WARN_COMMA = YES;
				CLANG_WARN_CONSTANT_CONVERSION = YES;
				CLANG_WARN_DEPRECATED_OBJC_IMPLEMENTATIONS = YES;
				CLANG_WARN_DIRECT_OBJC_ISA_USAGE = YES_ERROR;
				CLANG_WARN_DOCUMENTATION_COMMENTS = YES;
				CLANG_WARN_EMPTY_BODY = YES;
				CLANG_WARN_ENUM_CONVERSION = YES;
				CLANG_WARN_INFINITE_RECURSION = YES;
				CLANG_WARN_INT_CONVERSION = YES;
				CLANG_WARN_NON_LITERAL_NULL_CONVERSION = YES;
				CLANG_WARN_OBJC_IMPLICIT_RETAIN_SELF = YES;
				CLANG_WARN_OBJC_LITERAL_CONVERSION = YES;
				CLANG_WARN_OBJC_ROOT_CLASS = YES_ERROR;
				CLANG_WARN_QUOTED_INCLUDE_IN_FRAMEWORK_HEADER = YES;
				CLANG_WARN_RANGE_LOOP_ANALYSIS = YES;
				CLANG_WARN_STRICT_PROTOTYPES = YES;
				CLANG_WARN_SUSPICIOUS_MOVE = YES;
				CLANG_WARN_UNGUARDED_AVAILABILITY = YES_AGGRESSIVE;
				CLANG_WARN_UNREACHABLE_CODE = YES;
				CLANG_WARN__DUPLICATE_METHOD_MATCH = YES;
				COPY_PHASE_STRIP = NO;
				DEBUG_INFORMATION_FORMAT = dwarf;
				ENABLE_STRICT_OBJC_MSGSEND = YES;
				ENABLE_TESTABILITY = YES;
				ENABLE_USER_SCRIPT_SANDBOXING = YES;
				GCC_C_LANGUAGE_STANDARD = gnu17;
				GCC_DYNAMIC_NO_PIC = NO;
				GCC_NO_COMMON_BLOCKS = YES;
				GCC_OPTIMIZATION_LEVEL = 0;
				GCC_PREPROCESSOR_DEFINITIONS = (
					"DEBUG=1",
					"$(inherited)",
				);
				GCC_WARN_64_TO_32_BIT_CONVERSION = YES;
				GCC_WARN_ABOUT_RETURN_TYPE = YES_ERROR;
				GCC_WARN_UNDECLARED_SELECTOR = YES;
				GCC_WARN_UNINITIALIZED_AUTOS = YES_AGGRESSIVE;
				GCC_WARN_UNUSED_FUNCTION = YES;
				GCC_WARN_UNUSED_VARIABLE = YES;
				IPHONEOS_DEPLOYMENT_TARGET = 17.0;
				LOCALIZATION_PREFERS_STRING_CATALOGS = YES;
				MTL_ENABLE_DEBUG_INFO = INCLUDE_SOURCE;
				MTL_FAST_MATH = YES;
				ONLY_ACTIVE_ARCH = YES;
				SDKROOT = iphoneos;
				SWIFT_ACTIVE_COMPILATION_CONDITIONS = "DEBUG $(inherited)";
				SWIFT_OPTIMIZATION_LEVEL = "-Onone";
			};
			name = Debug;
		};
		55EFDE842AF6A49300011FEA /* Release */ = {
			isa = XCBuildConfiguration;
			buildSettings = {
				ALWAYS_SEARCH_USER_PATHS = NO;
				ASSETCATALOG_COMPILER_GENERATE_SWIFT_ASSET_SYMBOL_EXTENSIONS = YES;
				CLANG_ANALYZER_NONNULL = YES;
				CLANG_ANALYZER_NUMBER_OBJECT_CONVERSION = YES_AGGRESSIVE;
				CLANG_CXX_LANGUAGE_STANDARD = "gnu++20";
				CLANG_ENABLE_MODULES = YES;
				CLANG_ENABLE_OBJC_ARC = YES;
				CLANG_ENABLE_OBJC_WEAK = YES;
				CLANG_WARN_BLOCK_CAPTURE_AUTORELEASING = YES;
				CLANG_WARN_BOOL_CONVERSION = YES;
				CLANG_WARN_COMMA = YES;
				CLANG_WARN_CONSTANT_CONVERSION = YES;
				CLANG_WARN_DEPRECATED_OBJC_IMPLEMENTATIONS = YES;
				CLANG_WARN_DIRECT_OBJC_ISA_USAGE = YES_ERROR;
				CLANG_WARN_DOCUMENTATION_COMMENTS = YES;
				CLANG_WARN_EMPTY_BODY = YES;
				CLANG_WARN_ENUM_CONVERSION = YES;
				CLANG_WARN_INFINITE_RECURSION = YES;
				CLANG_WARN_INT_CONVERSION = YES;
				CLANG_WARN_NON_LITERAL_NULL_CONVERSION = YES;
				CLANG_WARN_OBJC_IMPLICIT_RETAIN_SELF = YES;
				CLANG_WARN_OBJC_LITERAL_CONVERSION = YES;
				CLANG_WARN_OBJC_ROOT_CLASS = YES_ERROR;
				CLANG_WARN_QUOTED_INCLUDE_IN_FRAMEWORK_HEADER = YES;
				CLANG_WARN_RANGE_LOOP_ANALYSIS = YES;
				CLANG_WARN_STRICT_PROTOTYPES = YES;
				CLANG_WARN_SUSPICIOUS_MOVE = YES;
				CLANG_WARN_UNGUARDED_AVAILABILITY = YES_AGGRESSIVE;
				CLANG_WARN_UNREACHABLE_CODE = YES;
				CLANG_WARN__DUPLICATE_METHOD_MATCH = YES;
				COPY_PHASE_STRIP = NO;
				DEBUG_INFORMATION_FORMAT = "dwarf-with-dsym";
				ENABLE_NS_ASSERTIONS = NO;
				ENABLE_STRICT_OBJC_MSGSEND = YES;
				ENABLE_USER_SCRIPT_SANDBOXING = YES;
				GCC_C_LANGUAGE_STANDARD = gnu17;
				GCC_NO_COMMON_BLOCKS = YES;
				GCC_WARN_64_TO_32_BIT_CONVERSION = YES;
				GCC_WARN_ABOUT_RETURN_TYPE = YES_ERROR;
				GCC_WARN_UNDECLARED_SELECTOR = YES;
				GCC_WARN_UNINITIALIZED_AUTOS = YES_AGGRESSIVE;
				GCC_WARN_UNUSED_FUNCTION = YES;
				GCC_WARN_UNUSED_VARIABLE = YES;
				IPHONEOS_DEPLOYMENT_TARGET = 17.0;
				LOCALIZATION_PREFERS_STRING_CATALOGS = YES;
				MTL_ENABLE_DEBUG_INFO = NO;
				MTL_FAST_MATH = YES;
				SDKROOT = iphoneos;
				SWIFT_COMPILATION_MODE = wholemodule;
				VALIDATE_PRODUCT = YES;
			};
			name = Release;
		};
		55EFDE862AF6A49300011FEA /* Debug */ = {
			isa = XCBuildConfiguration;
			buildSettings = {
				ASSETCATALOG_COMPILER_APPICON_NAME = AppIcon;
				ASSETCATALOG_COMPILER_GLOBAL_ACCENT_COLOR_NAME = AccentColor;
				CODE_SIGN_STYLE = Automatic;
				CURRENT_PROJECT_VERSION = 1;
				GENERATE_INFOPLIST_FILE = YES;
				INFOPLIST_FILE = Movies/Info.plist;
				INFOPLIST_KEY_UIApplicationSupportsIndirectInputEvents = YES;
				INFOPLIST_KEY_UILaunchStoryboardName = LaunchScreen;
				INFOPLIST_KEY_UIMainStoryboardFile = Main;
				INFOPLIST_KEY_UISupportedInterfaceOrientations_iPad = "UIInterfaceOrientationPortrait UIInterfaceOrientationPortraitUpsideDown UIInterfaceOrientationLandscapeLeft UIInterfaceOrientationLandscapeRight";
				INFOPLIST_KEY_UISupportedInterfaceOrientations_iPhone = "UIInterfaceOrientationPortrait UIInterfaceOrientationLandscapeLeft UIInterfaceOrientationLandscapeRight";
				LD_RUNPATH_SEARCH_PATHS = (
					"$(inherited)",
					"@executable_path/Frameworks",
				);
				MARKETING_VERSION = 1.0;
				PRODUCT_BUNDLE_IDENTIFIER = MyOrganization.Movies;
				PRODUCT_NAME = "$(TARGET_NAME)";
				SWIFT_EMIT_LOC_STRINGS = YES;
				SWIFT_VERSION = 5.0;
				TARGETED_DEVICE_FAMILY = "1,2";
			};
			name = Debug;
		};
		55EFDE872AF6A49300011FEA /* Release */ = {
			isa = XCBuildConfiguration;
			buildSettings = {
				ASSETCATALOG_COMPILER_APPICON_NAME = AppIcon;
				ASSETCATALOG_COMPILER_GLOBAL_ACCENT_COLOR_NAME = AccentColor;
				CODE_SIGN_STYLE = Automatic;
				CURRENT_PROJECT_VERSION = 1;
				GENERATE_INFOPLIST_FILE = YES;
				INFOPLIST_FILE = Movies/Info.plist;
				INFOPLIST_KEY_UIApplicationSupportsIndirectInputEvents = YES;
				INFOPLIST_KEY_UILaunchStoryboardName = LaunchScreen;
				INFOPLIST_KEY_UIMainStoryboardFile = Main;
				INFOPLIST_KEY_UISupportedInterfaceOrientations_iPad = "UIInterfaceOrientationPortrait UIInterfaceOrientationPortraitUpsideDown UIInterfaceOrientationLandscapeLeft UIInterfaceOrientationLandscapeRight";
				INFOPLIST_KEY_UISupportedInterfaceOrientations_iPhone = "UIInterfaceOrientationPortrait UIInterfaceOrientationLandscapeLeft UIInterfaceOrientationLandscapeRight";
				LD_RUNPATH_SEARCH_PATHS = (
					"$(inherited)",
					"@executable_path/Frameworks",
				);
				MARKETING_VERSION = 1.0;
				PRODUCT_BUNDLE_IDENTIFIER = MyOrganization.Movies;
				PRODUCT_NAME = "$(TARGET_NAME)";
				SWIFT_EMIT_LOC_STRINGS = YES;
				SWIFT_VERSION = 5.0;
				TARGETED_DEVICE_FAMILY = "1,2";
			};
			name = Release;
		};
		55EFDE892AF6A49300011FEA /* Debug */ = {
			isa = XCBuildConfiguration;
			buildSettings = {
				ALWAYS_EMBED_SWIFT_STANDARD_LIBRARIES = YES;
				BUNDLE_LOADER = "$(TEST_HOST)";
				CODE_SIGN_STYLE = Automatic;
				CURRENT_PROJECT_VERSION = 1;
				GENERATE_INFOPLIST_FILE = YES;
				IPHONEOS_DEPLOYMENT_TARGET = 17.0;
				MARKETING_VERSION = 1.0;
				PRODUCT_BUNDLE_IDENTIFIER = MyOrganization.MoviesTests;
				PRODUCT_NAME = "$(TARGET_NAME)";
				SWIFT_EMIT_LOC_STRINGS = NO;
				SWIFT_VERSION = 5.0;
				TARGETED_DEVICE_FAMILY = "1,2";
				TEST_HOST = "$(BUILT_PRODUCTS_DIR)/Movies.app/$(BUNDLE_EXECUTABLE_FOLDER_PATH)/Movies";
			};
			name = Debug;
		};
		55EFDE8A2AF6A49300011FEA /* Release */ = {
			isa = XCBuildConfiguration;
			buildSettings = {
				ALWAYS_EMBED_SWIFT_STANDARD_LIBRARIES = YES;
				BUNDLE_LOADER = "$(TEST_HOST)";
				CODE_SIGN_STYLE = Automatic;
				CURRENT_PROJECT_VERSION = 1;
				GENERATE_INFOPLIST_FILE = YES;
				IPHONEOS_DEPLOYMENT_TARGET = 17.0;
				MARKETING_VERSION = 1.0;
				PRODUCT_BUNDLE_IDENTIFIER = MyOrganization.MoviesTests;
				PRODUCT_NAME = "$(TARGET_NAME)";
				SWIFT_EMIT_LOC_STRINGS = NO;
				SWIFT_VERSION = 5.0;
				TARGETED_DEVICE_FAMILY = "1,2";
				TEST_HOST = "$(BUILT_PRODUCTS_DIR)/Movies.app/$(BUNDLE_EXECUTABLE_FOLDER_PATH)/Movies";
			};
			name = Release;
		};
		55EFDE8C2AF6A49300011FEA /* Debug */ = {
			isa = XCBuildConfiguration;
			buildSettings = {
				ALWAYS_EMBED_SWIFT_STANDARD_LIBRARIES = YES;
				CODE_SIGN_STYLE = Automatic;
				CURRENT_PROJECT_VERSION = 1;
				GENERATE_INFOPLIST_FILE = YES;
				MARKETING_VERSION = 1.0;
				PRODUCT_BUNDLE_IDENTIFIER = MyOrganization.MoviesUITests;
				PRODUCT_NAME = "$(TARGET_NAME)";
				SWIFT_EMIT_LOC_STRINGS = NO;
				SWIFT_VERSION = 5.0;
				TARGETED_DEVICE_FAMILY = "1,2";
				TEST_TARGET_NAME = Movies;
			};
			name = Debug;
		};
		55EFDE8D2AF6A49300011FEA /* Release */ = {
			isa = XCBuildConfiguration;
			buildSettings = {
				ALWAYS_EMBED_SWIFT_STANDARD_LIBRARIES = YES;
				CODE_SIGN_STYLE = Automatic;
				CURRENT_PROJECT_VERSION = 1;
				GENERATE_INFOPLIST_FILE = YES;
				MARKETING_VERSION = 1.0;
				PRODUCT_BUNDLE_IDENTIFIER = MyOrganization.MoviesUITests;
				PRODUCT_NAME = "$(TARGET_NAME)";
				SWIFT_EMIT_LOC_STRINGS = NO;
				SWIFT_VERSION = 5.0;
				TARGETED_DEVICE_FAMILY = "1,2";
				TEST_TARGET_NAME = Movies;
			};
			name = Release;
		};
/* End XCBuildConfiguration section */

/* Begin XCConfigurationList section */
		55EFDE562AF6A49100011FEA /* Build configuration list for PBXProject "Movies" */ = {
			isa = XCConfigurationList;
			buildConfigurations = (
				55EFDE832AF6A49300011FEA /* Debug */,
				55EFDE842AF6A49300011FEA /* Release */,
			);
			defaultConfigurationIsVisible = 0;
			defaultConfigurationName = Release;
		};
		55EFDE852AF6A49300011FEA /* Build configuration list for PBXNativeTarget "Movies" */ = {
			isa = XCConfigurationList;
			buildConfigurations = (
				55EFDE862AF6A49300011FEA /* Debug */,
				55EFDE872AF6A49300011FEA /* Release */,
			);
			defaultConfigurationIsVisible = 0;
			defaultConfigurationName = Release;
		};
		55EFDE882AF6A49300011FEA /* Build configuration list for PBXNativeTarget "MoviesTests" */ = {
			isa = XCConfigurationList;
			buildConfigurations = (
				55EFDE892AF6A49300011FEA /* Debug */,
				55EFDE8A2AF6A49300011FEA /* Release */,
			);
			defaultConfigurationIsVisible = 0;
			defaultConfigurationName = Release;
		};
		55EFDE8B2AF6A49300011FEA /* Build configuration list for PBXNativeTarget "MoviesUITests" */ = {
			isa = XCConfigurationList;
			buildConfigurations = (
				55EFDE8C2AF6A49300011FEA /* Debug */,
				55EFDE8D2AF6A49300011FEA /* Release */,
			);
			defaultConfigurationIsVisible = 0;
			defaultConfigurationName = Release;
		};
/* End XCConfigurationList section */
	};
	rootObject = 55EFDE532AF6A49100011FEA /* Project object */;
}
