// !$*UTF8*$!
{
	archiveVersion = 1;
	classes = {
	};
	objectVersion = 56;
	objects = {

/* Begin PBXBuildFile section */
		5577C9562ABE4FE90042772A /* MySecondApp.swift in Sources */ = {isa = PBXBuildFile; fileRef = 5577C9552ABE4FE90042772A /* MySecondApp.swift */; };
		5577C9582ABE4FE90042772A /* ContentView.swift in Sources */ = {isa = PBXBuildFile; fileRef = 5577C9572ABE4FE90042772A /* ContentView.swift */; };
		5577C95A2ABE4FE90042772A /* Item.swift in Sources */ = {isa = PBXBuildFile; fileRef = 5577C9592ABE4FE90042772A /* Item.swift */; };
		5577C95C2ABE4FEA0042772A /* Assets.xcassets in Resources */ = {isa = PBXBuildFile; fileRef = 5577C95B2ABE4FEA0042772A /* Assets.xcassets */; };
		5577C9602ABE4FEA0042772A /* Preview Assets.xcassets in Resources */ = {isa = PBXBuildFile; fileRef = 5577C95F2ABE4FEA0042772A /* Preview Assets.xcassets */; };
		5577C96A2ABE4FEA0042772A /* MySecondTests.swift in Sources */ = {isa = PBXBuildFile; fileRef = 5577C9692ABE4FEA0042772A /* MySecondTests.swift */; };
		5577C9742ABE4FEA0042772A /* MySecondUITests.swift in Sources */ = {isa = PBXBuildFile; fileRef = 5577C9732ABE4FEA0042772A /* MySecondUITests.swift */; };
		5577C9762ABE4FEA0042772A /* MySecondUITestsLaunchTests.swift in Sources */ = {isa = PBXBuildFile; fileRef = 5577C9752ABE4FEA0042772A /* MySecondUITestsLaunchTests.swift */; };
/* End PBXBuildFile section */

/* Begin PBXContainerItemProxy section */
		5577C9662ABE4FEA0042772A /* PBXContainerItemProxy */ = {
			isa = PBXContainerItemProxy;
			containerPortal = 5577C94A2ABE4FE90042772A /* Project object */;
			proxyType = 1;
			remoteGlobalIDString = 5577C9512ABE4FE90042772A;
			remoteInfo = MySecond;
		};
		5577C9702ABE4FEA0042772A /* PBXContainerItemProxy */ = {
			isa = PBXContainerItemProxy;
			containerPortal = 5577C94A2ABE4FE90042772A /* Project object */;
			proxyType = 1;
			remoteGlobalIDString = 5577C9512ABE4FE90042772A;
			remoteInfo = MySecond;
		};
/* End PBXContainerItemProxy section */

/* Begin PBXFileReference section */
		5577C9522ABE4FE90042772A /* MySecond.app */ = {isa = PBXFileReference; explicitFileType = wrapper.application; includeInIndex = 0; path = MySecond.app; sourceTree = BUILT_PRODUCTS_DIR; };
		5577C9552ABE4FE90042772A /* MySecondApp.swift */ = {isa = PBXFileReference; lastKnownFileType = sourcecode.swift; path = MySecondApp.swift; sourceTree = "<group>"; };
		5577C9572ABE4FE90042772A /* ContentView.swift */ = {isa = PBXFileReference; lastKnownFileType = sourcecode.swift; path = ContentView.swift; sourceTree = "<group>"; };
		5577C9592ABE4FE90042772A /* Item.swift */ = {isa = PBXFileReference; lastKnownFileType = sourcecode.swift; path = Item.swift; sourceTree = "<group>"; };
		5577C95B2ABE4FEA0042772A /* Assets.xcassets */ = {isa = PBXFileReference; lastKnownFileType = folder.assetcatalog; path = Assets.xcassets; sourceTree = "<group>"; };
		5577C95D2ABE4FEA0042772A /* MySecond.entitlements */ = {isa = PBXFileReference; lastKnownFileType = text.plist.entitlements; path = MySecond.entitlements; sourceTree = "<group>"; };
		5577C95F2ABE4FEA0042772A /* Preview Assets.xcassets */ = {isa = PBXFileReference; lastKnownFileType = folder.assetcatalog; path = "Preview Assets.xcassets"; sourceTree = "<group>"; };
		5577C9652ABE4FEA0042772A /* MySecondTests.xctest */ = {isa = PBXFileReference; explicitFileType = wrapper.cfbundle; includeInIndex = 0; path = MySecondTests.xctest; sourceTree = BUILT_PRODUCTS_DIR; };
		5577C9692ABE4FEA0042772A /* MySecondTests.swift */ = {isa = PBXFileReference; lastKnownFileType = sourcecode.swift; path = MySecondTests.swift; sourceTree = "<group>"; };
		5577C96F2ABE4FEA0042772A /* MySecondUITests.xctest */ = {isa = PBXFileReference; explicitFileType = wrapper.cfbundle; includeInIndex = 0; path = MySecondUITests.xctest; sourceTree = BUILT_PRODUCTS_DIR; };
		5577C9732ABE4FEA0042772A /* MySecondUITests.swift */ = {isa = PBXFileReference; lastKnownFileType = sourcecode.swift; path = MySecondUITests.swift; sourceTree = "<group>"; };
		5577C9752ABE4FEA0042772A /* MySecondUITestsLaunchTests.swift */ = {isa = PBXFileReference; lastKnownFileType = sourcecode.swift; path = MySecondUITestsLaunchTests.swift; sourceTree = "<group>"; };
/* End PBXFileReference section */

/* Begin PBXFrameworksBuildPhase section */
		5577C94F2ABE4FE90042772A /* Frameworks */ = {
			isa = PBXFrameworksBuildPhase;
			buildActionMask = 2147483647;
			files = (
			);
			runOnlyForDeploymentPostprocessing = 0;
		};
		5577C9622ABE4FEA0042772A /* Frameworks */ = {
			isa = PBXFrameworksBuildPhase;
			buildActionMask = 2147483647;
			files = (
			);
			runOnlyForDeploymentPostprocessing = 0;
		};
		5577C96C2ABE4FEA0042772A /* Frameworks */ = {
			isa = PBXFrameworksBuildPhase;
			buildActionMask = 2147483647;
			files = (
			);
			runOnlyForDeploymentPostprocessing = 0;
		};
/* End PBXFrameworksBuildPhase section */

/* Begin PBXGroup section */
		5577C9492ABE4FE90042772A = {
			isa = PBXGroup;
			children = (
				5577C9542ABE4FE90042772A /* MySecond */,
				5577C9682ABE4FEA0042772A /* MySecondTests */,
				5577C9722ABE4FEA0042772A /* MySecondUITests */,
				5577C9532ABE4FE90042772A /* Products */,
			);
			sourceTree = "<group>";
		};
		5577C9532ABE4FE90042772A /* Products */ = {
			isa = PBXGroup;
			children = (
				5577C9522ABE4FE90042772A /* MySecond.app */,
				5577C9652ABE4FEA0042772A /* MySecondTests.xctest */,
				5577C96F2ABE4FEA0042772A /* MySecondUITests.xctest */,
			);
			name = Products;
			sourceTree = "<group>";
		};
		5577C9542ABE4FE90042772A /* MySecond */ = {
			isa = PBXGroup;
			children = (
				5577C9552ABE4FE90042772A /* MySecondApp.swift */,
				5577C9572ABE4FE90042772A /* ContentView.swift */,
				5577C9592ABE4FE90042772A /* Item.swift */,
				5577C95B2ABE4FEA0042772A /* Assets.xcassets */,
				5577C95D2ABE4FEA0042772A /* MySecond.entitlements */,
				5577C95E2ABE4FEA0042772A /* Preview Content */,
			);
			path = MySecond;
			sourceTree = "<group>";
		};
		5577C95E2ABE4FEA0042772A /* Preview Content */ = {
			isa = PBXGroup;
			children = (
				5577C95F2ABE4FEA0042772A /* Preview Assets.xcassets */,
			);
			path = "Preview Content";
			sourceTree = "<group>";
		};
		5577C9682ABE4FEA0042772A /* MySecondTests */ = {
			isa = PBXGroup;
			children = (
				5577C9692ABE4FEA0042772A /* MySecondTests.swift */,
			);
			path = MySecondTests;
			sourceTree = "<group>";
		};
		5577C9722ABE4FEA0042772A /* MySecondUITests */ = {
			isa = PBXGroup;
			children = (
				5577C9732ABE4FEA0042772A /* MySecondUITests.swift */,
				5577C9752ABE4FEA0042772A /* MySecondUITestsLaunchTests.swift */,
			);
			path = MySecondUITests;
			sourceTree = "<group>";
		};
/* End PBXGroup section */

/* Begin PBXNativeTarget section */
		5577C9512ABE4FE90042772A /* MySecond */ = {
			isa = PBXNativeTarget;
			buildConfigurationList = 5577C9792ABE4FEA0042772A /* Build configuration list for PBXNativeTarget "MySecond" */;
			buildPhases = (
				5577C94E2ABE4FE90042772A /* Sources */,
				5577C94F2ABE4FE90042772A /* Frameworks */,
				5577C9502ABE4FE90042772A /* Resources */,
			);
			buildRules = (
			);
			dependencies = (
			);
			name = MySecond;
			productName = MySecond;
			productReference = 5577C9522ABE4FE90042772A /* MySecond.app */;
			productType = "com.apple.product-type.application";
		};
		5577C9642ABE4FEA0042772A /* MySecondTests */ = {
			isa = PBXNativeTarget;
			buildConfigurationList = 5577C97C2ABE4FEA0042772A /* Build configuration list for PBXNativeTarget "MySecondTests" */;
			buildPhases = (
				5577C9612ABE4FEA0042772A /* Sources */,
				5577C9622ABE4FEA0042772A /* Frameworks */,
				5577C9632ABE4FEA0042772A /* Resources */,
			);
			buildRules = (
			);
			dependencies = (
				5577C9672ABE4FEA0042772A /* PBXTargetDependency */,
			);
			name = MySecondTests;
			productName = MySecondTests;
			productReference = 5577C9652ABE4FEA0042772A /* MySecondTests.xctest */;
			productType = "com.apple.product-type.bundle.unit-test";
		};
		5577C96E2ABE4FEA0042772A /* MySecondUITests */ = {
			isa = PBXNativeTarget;
			buildConfigurationList = 5577C97F2ABE4FEA0042772A /* Build configuration list for PBXNativeTarget "MySecondUITests" */;
			buildPhases = (
				5577C96B2ABE4FEA0042772A /* Sources */,
				5577C96C2ABE4FEA0042772A /* Frameworks */,
				5577C96D2ABE4FEA0042772A /* Resources */,
			);
			buildRules = (
			);
			dependencies = (
				5577C9712ABE4FEA0042772A /* PBXTargetDependency */,
			);
			name = MySecondUITests;
			productName = MySecondUITests;
			productReference = 5577C96F2ABE4FEA0042772A /* MySecondUITests.xctest */;
			productType = "com.apple.product-type.bundle.ui-testing";
		};
/* End PBXNativeTarget section */

/* Begin PBXProject section */
		5577C94A2ABE4FE90042772A /* Project object */ = {
			isa = PBXProject;
			attributes = {
				BuildIndependentTargetsInParallel = 1;
				LastSwiftUpdateCheck = 1500;
				LastUpgradeCheck = 1500;
				TargetAttributes = {
					5577C9512ABE4FE90042772A = {
						CreatedOnToolsVersion = 15.0;
					};
					5577C9642ABE4FEA0042772A = {
						CreatedOnToolsVersion = 15.0;
						TestTargetID = 5577C9512ABE4FE90042772A;
					};
					5577C96E2ABE4FEA0042772A = {
						CreatedOnToolsVersion = 15.0;
						TestTargetID = 5577C9512ABE4FE90042772A;
					};
				};
			};
			buildConfigurationList = 5577C94D2ABE4FE90042772A /* Build configuration list for PBXProject "MySecond" */;
			compatibilityVersion = "Xcode 14.0";
			developmentRegion = en;
			hasScannedForEncodings = 0;
			knownRegions = (
				en,
				Base,
			);
			mainGroup = 5577C9492ABE4FE90042772A;
			productRefGroup = 5577C9532ABE4FE90042772A /* Products */;
			projectDirPath = "";
			projectRoot = "";
			targets = (
				5577C9512ABE4FE90042772A /* MySecond */,
				5577C9642ABE4FEA0042772A /* MySecondTests */,
				5577C96E2ABE4FEA0042772A /* MySecondUITests */,
			);
		};
/* End PBXProject section */

/* Begin PBXResourcesBuildPhase section */
		5577C9502ABE4FE90042772A /* Resources */ = {
			isa = PBXResourcesBuildPhase;
			buildActionMask = 2147483647;
			files = (
				5577C9602ABE4FEA0042772A /* Preview Assets.xcassets in Resources */,
				5577C95C2ABE4FEA0042772A /* Assets.xcassets in Resources */,
			);
			runOnlyForDeploymentPostprocessing = 0;
		};
		5577C9632ABE4FEA0042772A /* Resources */ = {
			isa = PBXResourcesBuildPhase;
			buildActionMask = 2147483647;
			files = (
			);
			runOnlyForDeploymentPostprocessing = 0;
		};
		5577C96D2ABE4FEA0042772A /* Resources */ = {
			isa = PBXResourcesBuildPhase;
			buildActionMask = 2147483647;
			files = (
			);
			runOnlyForDeploymentPostprocessing = 0;
		};
/* End PBXResourcesBuildPhase section */

/* Begin PBXSourcesBuildPhase section */
		5577C94E2ABE4FE90042772A /* Sources */ = {
			isa = PBXSourcesBuildPhase;
			buildActionMask = 2147483647;
			files = (
				5577C9582ABE4FE90042772A /* ContentView.swift in Sources */,
				5577C95A2ABE4FE90042772A /* Item.swift in Sources */,
				5577C9562ABE4FE90042772A /* MySecondApp.swift in Sources */,
			);
			runOnlyForDeploymentPostprocessing = 0;
		};
		5577C9612ABE4FEA0042772A /* Sources */ = {
			isa = PBXSourcesBuildPhase;
			buildActionMask = 2147483647;
			files = (
				5577C96A2ABE4FEA0042772A /* MySecondTests.swift in Sources */,
			);
			runOnlyForDeploymentPostprocessing = 0;
		};
		5577C96B2ABE4FEA0042772A /* Sources */ = {
			isa = PBXSourcesBuildPhase;
			buildActionMask = 2147483647;
			files = (
				5577C9762ABE4FEA0042772A /* MySecondUITestsLaunchTests.swift in Sources */,
				5577C9742ABE4FEA0042772A /* MySecondUITests.swift in Sources */,
			);
			runOnlyForDeploymentPostprocessing = 0;
		};
/* End PBXSourcesBuildPhase section */

/* Begin PBXTargetDependency section */
		5577C9672ABE4FEA0042772A /* PBXTargetDependency */ = {
			isa = PBXTargetDependency;
			target = 5577C9512ABE4FE90042772A /* MySecond */;
			targetProxy = 5577C9662ABE4FEA0042772A /* PBXContainerItemProxy */;
		};
		5577C9712ABE4FEA0042772A /* PBXTargetDependency */ = {
			isa = PBXTargetDependency;
			target = 5577C9512ABE4FE90042772A /* MySecond */;
			targetProxy = 5577C9702ABE4FEA0042772A /* PBXContainerItemProxy */;
		};
/* End PBXTargetDependency section */

/* Begin XCBuildConfiguration section */
		5577C9772ABE4FEA0042772A /* Debug */ = {
			isa = XCBuildConfiguration;
			buildSettings = {
				ALWAYS_SEARCH_USER_PATHS = NO;
				ASSETCATALOG_COMPILER_GENERATE_SWIFT_ASSET_SYMBOL_EXTENSIONS = YES;
				CLANG_ANALYZER_NONNULL = YES;
				CLANG_ANALYZER_NUMBER_OBJECT_CONVERSION = YES_AGGRESSIVE;
				CLANG_CXX_LANGUAGE_STANDARD = "gnu++20";
				CLANG_ENABLE_MODULES = YES;
				CLANG_ENABLE_OBJC_ARC = YES;
				CLANG_ENABLE_OBJC_WEAK = YES;
				CLANG_WARN_BLOCK_CAPTURE_AUTORELEASING = YES;
				CLANG_WARN_BOOL_CONVERSION = YES;
				CLANG_WARN_COMMA = YES;
				CLANG_WARN_CONSTANT_CONVERSION = YES;
				CLANG_WARN_DEPRECATED_OBJC_IMPLEMENTATIONS = YES;
				CLANG_WARN_DIRECT_OBJC_ISA_USAGE = YES_ERROR;
				CLANG_WARN_DOCUMENTATION_COMMENTS = YES;
				CLANG_WARN_EMPTY_BODY = YES;
				CLANG_WARN_ENUM_CONVERSION = YES;
				CLANG_WARN_INFINITE_RECURSION = YES;
				CLANG_WARN_INT_CONVERSION = YES;
				CLANG_WARN_NON_LITERAL_NULL_CONVERSION = YES;
				CLANG_WARN_OBJC_IMPLICIT_RETAIN_SELF = YES;
				CLANG_WARN_OBJC_LITERAL_CONVERSION = YES;
				CLANG_WARN_OBJC_ROOT_CLASS = YES_ERROR;
				CLANG_WARN_QUOTED_INCLUDE_IN_FRAMEWORK_HEADER = YES;
				CLANG_WARN_RANGE_LOOP_ANALYSIS = YES;
				CLANG_WARN_STRICT_PROTOTYPES = YES;
				CLANG_WARN_SUSPICIOUS_MOVE = YES;
				CLANG_WARN_UNGUARDED_AVAILABILITY = YES_AGGRESSIVE;
				CLANG_WARN_UNREACHABLE_CODE = YES;
				CLANG_WARN__DUPLICATE_METHOD_MATCH = YES;
				COPY_PHASE_STRIP = NO;
				DEBUG_INFORMATION_FORMAT = dwarf;
				ENABLE_STRICT_OBJC_MSGSEND = YES;
				ENABLE_TESTABILITY = YES;
				ENABLE_USER_SCRIPT_SANDBOXING = YES;
				GCC_C_LANGUAGE_STANDARD = gnu17;
				GCC_DYNAMIC_NO_PIC = NO;
				GCC_NO_COMMON_BLOCKS = YES;
				GCC_OPTIMIZATION_LEVEL = 0;
				GCC_PREPROCESSOR_DEFINITIONS = (
					"DEBUG=1",
					"$(inherited)",
				);
				GCC_WARN_64_TO_32_BIT_CONVERSION = YES;
				GCC_WARN_ABOUT_RETURN_TYPE = YES_ERROR;
				GCC_WARN_UNDECLARED_SELECTOR = YES;
				GCC_WARN_UNINITIALIZED_AUTOS = YES_AGGRESSIVE;
				GCC_WARN_UNUSED_FUNCTION = YES;
				GCC_WARN_UNUSED_VARIABLE = YES;
				LOCALIZATION_PREFERS_STRING_CATALOGS = YES;
				MTL_ENABLE_DEBUG_INFO = INCLUDE_SOURCE;
				MTL_FAST_MATH = YES;
				ONLY_ACTIVE_ARCH = YES;
				SWIFT_ACTIVE_COMPILATION_CONDITIONS = "DEBUG $(inherited)";
				SWIFT_OPTIMIZATION_LEVEL = "-Onone";
			};
			name = Debug;
		};
		5577C9782ABE4FEA0042772A /* Release */ = {
			isa = XCBuildConfiguration;
			buildSettings = {
				ALWAYS_SEARCH_USER_PATHS = NO;
				ASSETCATALOG_COMPILER_GENERATE_SWIFT_ASSET_SYMBOL_EXTENSIONS = YES;
				CLANG_ANALYZER_NONNULL = YES;
				CLANG_ANALYZER_NUMBER_OBJECT_CONVERSION = YES_AGGRESSIVE;
				CLANG_CXX_LANGUAGE_STANDARD = "gnu++20";
				CLANG_ENABLE_MODULES = YES;
				CLANG_ENABLE_OBJC_ARC = YES;
				CLANG_ENABLE_OBJC_WEAK = YES;
				CLANG_WARN_BLOCK_CAPTURE_AUTORELEASING = YES;
				CLANG_WARN_BOOL_CONVERSION = YES;
				CLANG_WARN_COMMA = YES;
				CLANG_WARN_CONSTANT_CONVERSION = YES;
				CLANG_WARN_DEPRECATED_OBJC_IMPLEMENTATIONS = YES;
				CLANG_WARN_DIRECT_OBJC_ISA_USAGE = YES_ERROR;
				CLANG_WARN_DOCUMENTATION_COMMENTS = YES;
				CLANG_WARN_EMPTY_BODY = YES;
				CLANG_WARN_ENUM_CONVERSION = YES;
				CLANG_WARN_INFINITE_RECURSION = YES;
				CLANG_WARN_INT_CONVERSION = YES;
				CLANG_WARN_NON_LITERAL_NULL_CONVERSION = YES;
				CLANG_WARN_OBJC_IMPLICIT_RETAIN_SELF = YES;
				CLANG_WARN_OBJC_LITERAL_CONVERSION = YES;
				CLANG_WARN_OBJC_ROOT_CLASS = YES_ERROR;
				CLANG_WARN_QUOTED_INCLUDE_IN_FRAMEWORK_HEADER = YES;
				CLANG_WARN_RANGE_LOOP_ANALYSIS = YES;
				CLANG_WARN_STRICT_PROTOTYPES = YES;
				CLANG_WARN_SUSPICIOUS_MOVE = YES;
				CLANG_WARN_UNGUARDED_AVAILABILITY = YES_AGGRESSIVE;
				CLANG_WARN_UNREACHABLE_CODE = YES;
				CLANG_WARN__DUPLICATE_METHOD_MATCH = YES;
				COPY_PHASE_STRIP = NO;
				DEBUG_INFORMATION_FORMAT = "dwarf-with-dsym";
				ENABLE_NS_ASSERTIONS = NO;
				ENABLE_STRICT_OBJC_MSGSEND = YES;
				ENABLE_USER_SCRIPT_SANDBOXING = YES;
				GCC_C_LANGUAGE_STANDARD = gnu17;
				GCC_NO_COMMON_BLOCKS = YES;
				GCC_WARN_64_TO_32_BIT_CONVERSION = YES;
				GCC_WARN_ABOUT_RETURN_TYPE = YES_ERROR;
				GCC_WARN_UNDECLARED_SELECTOR = YES;
				GCC_WARN_UNINITIALIZED_AUTOS = YES_AGGRESSIVE;
				GCC_WARN_UNUSED_FUNCTION = YES;
				GCC_WARN_UNUSED_VARIABLE = YES;
				LOCALIZATION_PREFERS_STRING_CATALOGS = YES;
				MTL_ENABLE_DEBUG_INFO = NO;
				MTL_FAST_MATH = YES;
				SWIFT_COMPILATION_MODE = wholemodule;
			};
			name = Release;
		};
		5577C97A2ABE4FEA0042772A /* Debug */ = {
			isa = XCBuildConfiguration;
			buildSettings = {
				ASSETCATALOG_COMPILER_APPICON_NAME = AppIcon;
				ASSETCATALOG_COMPILER_GLOBAL_ACCENT_COLOR_NAME = AccentColor;
				CODE_SIGN_ENTITLEMENTS = MySecond/MySecond.entitlements;
				CODE_SIGN_STYLE = Automatic;
				CURRENT_PROJECT_VERSION = 1;
				DEVELOPMENT_ASSET_PATHS = "\"MySecond/Preview Content\"";
				ENABLE_PREVIEWS = YES;
				GENERATE_INFOPLIST_FILE = YES;
				"INFOPLIST_KEY_UIApplicationSceneManifest_Generation[sdk=iphoneos*]" = YES;
				"INFOPLIST_KEY_UIApplicationSceneManifest_Generation[sdk=iphonesimulator*]" = YES;
				"INFOPLIST_KEY_UIApplicationSupportsIndirectInputEvents[sdk=iphoneos*]" = YES;
				"INFOPLIST_KEY_UIApplicationSupportsIndirectInputEvents[sdk=iphonesimulator*]" = YES;
				"INFOPLIST_KEY_UILaunchScreen_Generation[sdk=iphoneos*]" = YES;
				"INFOPLIST_KEY_UILaunchScreen_Generation[sdk=iphonesimulator*]" = YES;
				"INFOPLIST_KEY_UIStatusBarStyle[sdk=iphoneos*]" = UIStatusBarStyleDefault;
				"INFOPLIST_KEY_UIStatusBarStyle[sdk=iphonesimulator*]" = UIStatusBarStyleDefault;
				INFOPLIST_KEY_UISupportedInterfaceOrientations_iPad = "UIInterfaceOrientationPortrait UIInterfaceOrientationPortraitUpsideDown UIInterfaceOrientationLandscapeLeft UIInterfaceOrientationLandscapeRight";
				INFOPLIST_KEY_UISupportedInterfaceOrientations_iPhone = "UIInterfaceOrientationPortrait UIInterfaceOrientationLandscapeLeft UIInterfaceOrientationLandscapeRight";
				IPHONEOS_DEPLOYMENT_TARGET = 17.0;
				LD_RUNPATH_SEARCH_PATHS = "@executable_path/Frameworks";
				"LD_RUNPATH_SEARCH_PATHS[sdk=macosx*]" = "@executable_path/../Frameworks";
				MACOSX_DEPLOYMENT_TARGET = 14.0;
				MARKETING_VERSION = 1.0;
				PRODUCT_BUNDLE_IDENTIFIER = MyOrganization.MySecond;
				PRODUCT_NAME = "$(TARGET_NAME)";
				SDKROOT = auto;
				SUPPORTED_PLATFORMS = "iphoneos iphonesimulator macosx";
				SWIFT_EMIT_LOC_STRINGS = YES;
				SWIFT_VERSION = 5.0;
				TARGETED_DEVICE_FAMILY = "1,2";
			};
			name = Debug;
		};
		5577C97B2ABE4FEA0042772A /* Release */ = {
			isa = XCBuildConfiguration;
			buildSettings = {
				ASSETCATALOG_COMPILER_APPICON_NAME = AppIcon;
				ASSETCATALOG_COMPILER_GLOBAL_ACCENT_COLOR_NAME = AccentColor;
				CODE_SIGN_ENTITLEMENTS = MySecond/MySecond.entitlements;
				CODE_SIGN_STYLE = Automatic;
				CURRENT_PROJECT_VERSION = 1;
				DEVELOPMENT_ASSET_PATHS = "\"MySecond/Preview Content\"";
				ENABLE_PREVIEWS = YES;
				GENERATE_INFOPLIST_FILE = YES;
				"INFOPLIST_KEY_UIApplicationSceneManifest_Generation[sdk=iphoneos*]" = YES;
				"INFOPLIST_KEY_UIApplicationSceneManifest_Generation[sdk=iphonesimulator*]" = YES;
				"INFOPLIST_KEY_UIApplicationSupportsIndirectInputEvents[sdk=iphoneos*]" = YES;
				"INFOPLIST_KEY_UIApplicationSupportsIndirectInputEvents[sdk=iphonesimulator*]" = YES;
				"INFOPLIST_KEY_UILaunchScreen_Generation[sdk=iphoneos*]" = YES;
				"INFOPLIST_KEY_UILaunchScreen_Generation[sdk=iphonesimulator*]" = YES;
				"INFOPLIST_KEY_UIStatusBarStyle[sdk=iphoneos*]" = UIStatusBarStyleDefault;
				"INFOPLIST_KEY_UIStatusBarStyle[sdk=iphonesimulator*]" = UIStatusBarStyleDefault;
				INFOPLIST_KEY_UISupportedInterfaceOrientations_iPad = "UIInterfaceOrientationPortrait UIInterfaceOrientationPortraitUpsideDown UIInterfaceOrientationLandscapeLeft UIInterfaceOrientationLandscapeRight";
				INFOPLIST_KEY_UISupportedInterfaceOrientations_iPhone = "UIInterfaceOrientationPortrait UIInterfaceOrientationLandscapeLeft UIInterfaceOrientationLandscapeRight";
				IPHONEOS_DEPLOYMENT_TARGET = 17.0;
				LD_RUNPATH_SEARCH_PATHS = "@executable_path/Frameworks";
				"LD_RUNPATH_SEARCH_PATHS[sdk=macosx*]" = "@executable_path/../Frameworks";
				MACOSX_DEPLOYMENT_TARGET = 14.0;
				MARKETING_VERSION = 1.0;
				PRODUCT_BUNDLE_IDENTIFIER = MyOrganization.MySecond;
				PRODUCT_NAME = "$(TARGET_NAME)";
				SDKROOT = auto;
				SUPPORTED_PLATFORMS = "iphoneos iphonesimulator macosx";
				SWIFT_EMIT_LOC_STRINGS = YES;
				SWIFT_VERSION = 5.0;
				TARGETED_DEVICE_FAMILY = "1,2";
			};
			name = Release;
		};
		5577C97D2ABE4FEA0042772A /* Debug */ = {
			isa = XCBuildConfiguration;
			buildSettings = {
				ALWAYS_EMBED_SWIFT_STANDARD_LIBRARIES = YES;
				BUNDLE_LOADER = "$(TEST_HOST)";
				CODE_SIGN_STYLE = Automatic;
				CURRENT_PROJECT_VERSION = 1;
				GENERATE_INFOPLIST_FILE = YES;
				IPHONEOS_DEPLOYMENT_TARGET = 17.0;
				MACOSX_DEPLOYMENT_TARGET = 13.5;
				MARKETING_VERSION = 1.0;
				PRODUCT_BUNDLE_IDENTIFIER = MyOrganization.MySecondTests;
				PRODUCT_NAME = "$(TARGET_NAME)";
				SDKROOT = auto;
				SUPPORTED_PLATFORMS = "iphoneos iphonesimulator macosx";
				SWIFT_EMIT_LOC_STRINGS = NO;
				SWIFT_VERSION = 5.0;
				TARGETED_DEVICE_FAMILY = "1,2";
				TEST_HOST = "$(BUILT_PRODUCTS_DIR)/MySecond.app/$(BUNDLE_EXECUTABLE_FOLDER_PATH)/MySecond";
			};
			name = Debug;
		};
		5577C97E2ABE4FEA0042772A /* Release */ = {
			isa = XCBuildConfiguration;
			buildSettings = {
				ALWAYS_EMBED_SWIFT_STANDARD_LIBRARIES = YES;
				BUNDLE_LOADER = "$(TEST_HOST)";
				CODE_SIGN_STYLE = Automatic;
				CURRENT_PROJECT_VERSION = 1;
				GENERATE_INFOPLIST_FILE = YES;
				IPHONEOS_DEPLOYMENT_TARGET = 17.0;
				MACOSX_DEPLOYMENT_TARGET = 13.5;
				MARKETING_VERSION = 1.0;
				PRODUCT_BUNDLE_IDENTIFIER = MyOrganization.MySecondTests;
				PRODUCT_NAME = "$(TARGET_NAME)";
				SDKROOT = auto;
				SUPPORTED_PLATFORMS = "iphoneos iphonesimulator macosx";
				SWIFT_EMIT_LOC_STRINGS = NO;
				SWIFT_VERSION = 5.0;
				TARGETED_DEVICE_FAMILY = "1,2";
				TEST_HOST = "$(BUILT_PRODUCTS_DIR)/MySecond.app/$(BUNDLE_EXECUTABLE_FOLDER_PATH)/MySecond";
			};
			name = Release;
		};
		5577C9802ABE4FEA0042772A /* Debug */ = {
			isa = XCBuildConfiguration;
			buildSettings = {
				ALWAYS_EMBED_SWIFT_STANDARD_LIBRARIES = YES;
				CODE_SIGN_STYLE = Automatic;
				CURRENT_PROJECT_VERSION = 1;
				GENERATE_INFOPLIST_FILE = YES;
				IPHONEOS_DEPLOYMENT_TARGET = 17.0;
				MACOSX_DEPLOYMENT_TARGET = 13.5;
				MARKETING_VERSION = 1.0;
				PRODUCT_BUNDLE_IDENTIFIER = MyOrganization.MySecondUITests;
				PRODUCT_NAME = "$(TARGET_NAME)";
				SDKROOT = auto;
				SUPPORTED_PLATFORMS = "iphoneos iphonesimulator macosx";
				SWIFT_EMIT_LOC_STRINGS = NO;
				SWIFT_VERSION = 5.0;
				TARGETED_DEVICE_FAMILY = "1,2";
				TEST_TARGET_NAME = MySecond;
			};
			name = Debug;
		};
		5577C9812ABE4FEA0042772A /* Release */ = {
			isa = XCBuildConfiguration;
			buildSettings = {
				ALWAYS_EMBED_SWIFT_STANDARD_LIBRARIES = YES;
				CODE_SIGN_STYLE = Automatic;
				CURRENT_PROJECT_VERSION = 1;
				GENERATE_INFOPLIST_FILE = YES;
				IPHONEOS_DEPLOYMENT_TARGET = 17.0;
				MACOSX_DEPLOYMENT_TARGET = 13.5;
				MARKETING_VERSION = 1.0;
				PRODUCT_BUNDLE_IDENTIFIER = MyOrganization.MySecondUITests;
				PRODUCT_NAME = "$(TARGET_NAME)";
				SDKROOT = auto;
				SUPPORTED_PLATFORMS = "iphoneos iphonesimulator macosx";
				SWIFT_EMIT_LOC_STRINGS = NO;
				SWIFT_VERSION = 5.0;
				TARGETED_DEVICE_FAMILY = "1,2";
				TEST_TARGET_NAME = MySecond;
			};
			name = Release;
		};
/* End XCBuildConfiguration section */

/* Begin XCConfigurationList section */
		5577C94D2ABE4FE90042772A /* Build configuration list for PBXProject "MySecond" */ = {
			isa = XCConfigurationList;
			buildConfigurations = (
				5577C9772ABE4FEA0042772A /* Debug */,
				5577C9782ABE4FEA0042772A /* Release */,
			);
			defaultConfigurationIsVisible = 0;
			defaultConfigurationName = Release;
		};
		5577C9792ABE4FEA0042772A /* Build configuration list for PBXNativeTarget "MySecond" */ = {
			isa = XCConfigurationList;
			buildConfigurations = (
				5577C97A2ABE4FEA0042772A /* Debug */,
				5577C97B2ABE4FEA0042772A /* Release */,
			);
			defaultConfigurationIsVisible = 0;
			defaultConfigurationName = Release;
		};
		5577C97C2ABE4FEA0042772A /* Build configuration list for PBXNativeTarget "MySecondTests" */ = {
			isa = XCConfigurationList;
			buildConfigurations = (
				5577C97D2ABE4FEA0042772A /* Debug */,
				5577C97E2ABE4FEA0042772A /* Release */,
			);
			defaultConfigurationIsVisible = 0;
			defaultConfigurationName = Release;
		};
		5577C97F2ABE4FEA0042772A /* Build configuration list for PBXNativeTarget "MySecondUITests" */ = {
			isa = XCConfigurationList;
			buildConfigurations = (
				5577C9802ABE4FEA0042772A /* Debug */,
				5577C9812ABE4FEA0042772A /* Release */,
			);
			defaultConfigurationIsVisible = 0;
			defaultConfigurationName = Release;
		};
/* End XCConfigurationList section */
	};
	rootObject = 5577C94A2ABE4FE90042772A /* Project object */;
}
